{
  "name": "Astrocharyaji",
  "lockfileVersion": 3,
  "requires": true,
  "packages": {
    "": {
      "dependencies": {
        "react-toastify": "^11.0.3"
      }
    },
    "node_modules/clsx": {
      "version": "2.1.1",
      "resolved": "https://registry.npmjs.org/clsx/-/clsx-2.1.1.tgz",
      "integrity": "sha512-eYm0QWBtUrBWZWG0d386OGAw16Z995PiOVo2B7bjWSbHedGl5e0ZWaq65kOGgUSNesEIDkB9ISbTg/JK9dhCZA==",
      "engines": {
        "node": ">=6"
      }
    },
    "node_modules/react-toastify": {
      "version": "11.0.3",
      "resolved": "https://registry.npmjs.org/react-toastify/-/react-toastify-11.0.3.tgz",
      "integrity": "sha512-cbPtHJPfc0sGqVwozBwaTrTu1ogB9+BLLjd4dDXd863qYLj7DGrQ2sg5RAChjFUB4yc3w8iXOtWcJqPK/6xqRQ==",
      "dependencies": {
        "clsx": "^2.1.1"
      },
      "peerDependencies": {
        "react": "^18 || ^19",
        "react-dom": "^18 || ^19"
      }
    }
  }
}
